
Microsoft Visual Studio Solution File, Format Version 12.00
# Visual Studio 15
VisualStudioVersion = 15.0.27703.2035
MinimumVisualStudioVersion = 10.0.40219.1
Project("{FAE04EC0-301F-11D3-BF4B-00C04F79EFBC}") = "infotechit", "infotechit\infotechit.csproj", "{AC7DA4BA-F716-4FFD-BA6E-AE76E053783E}"
EndProject
Global
	GlobalSection(SolutionConfigurationPlatforms) = preSolution
		Debug|Any CPU = Debug|Any CPU
		Release|Any CPU = Release|Any CPU
	EndGlobalSection
	GlobalSection(ProjectConfigurationPlatforms) = postSolution
		{AC7DA4BA-F716-4FFD-BA6E-AE76E053783E}.Debug|Any CPU.ActiveCfg = Debug|Any CPU
		{AC7DA4BA-F716-4FFD-BA6E-AE76E053783E}.Debug|Any CPU.Build.0 = Debug|Any CPU
		{AC7DA4BA-F716-4FFD-BA6E-AE76E053783E}.Release|Any CPU.ActiveCfg = Release|Any CPU
		{AC7DA4BA-F716-4FFD-BA6E-AE76E053783E}.Release|Any CPU.Build.0 = Release|Any CPU
	EndGlobalSection
	GlobalSection(SolutionProperties) = preSolution
		HideSolutionNode = FALSE
	EndGlobalSection
	GlobalSection(ExtensibilityGlobals) = postSolution
		SolutionGuid = {28C7602F-5939-4A8F-A072-23ED09B82792}
	EndGlobalSection
EndGlobal
